
Microsoft Visual Studio Solution File, Format Version 12.00
# Visual Studio Version 16
VisualStudioVersion = 16.0.29201.188
MinimumVisualStudioVersion = 10.0.40219.1
Project("{FAE04EC0-301F-11D3-BF4B-00C04F79EFBC}") = "TextClass", "TextClass\TextClass.csproj", "{30A95A41-817F-48B5-8F7F-558E65F62FBC}"
EndProject
Project("{FAE04EC0-301F-11D3-BF4B-00C04F79EFBC}") = "Test", "Test\Test.csproj", "{8D0B19A6-50E5-4F38-99EE-633B13A16D08}"
EndProject
Project("{FAE04EC0-301F-11D3-BF4B-00C04F79EFBC}") = "APT", "APT\APT.csproj", "{8F9F8A8C-4EFE-4DD6-9ED9-3E785AC28219}"
EndProject
Project("{FAE04EC0-301F-11D3-BF4B-00C04F79EFBC}") = "ExceptionSqrt", "ExceptionSqrt\ExceptionSqrt.csproj", "{4249AFE5-800C-4554-949D-89C50216231B}"
EndProject
Project("{9A19103F-16F7-4668-BE54-9A1E7A4F7556}") = "Num2Char", "Num2Char\Num2Char.csproj", "{6B9DA983-7E44-4D81-8BD6-295E8ECB7860}"
EndProject
Project("{9A19103F-16F7-4668-BE54-9A1E7A4F7556}") = "FallingRocket", "FallingRocket\FallingRocket.csproj", "{6B7492A8-31E5-4383-81C7-CB0A1802A30F}"
EndProject
Global
	GlobalSection(SolutionConfigurationPlatforms) = preSolution
		Debug|Any CPU = Debug|Any CPU
		Debug|x86 = Debug|x86
		Release|Any CPU = Release|Any CPU
		Release|x86 = Release|x86
	EndGlobalSection
	GlobalSection(ProjectConfigurationPlatforms) = postSolution
		{30A95A41-817F-48B5-8F7F-558E65F62FBC}.Debug|Any CPU.ActiveCfg = Debug|x86
		{30A95A41-817F-48B5-8F7F-558E65F62FBC}.Debug|x86.ActiveCfg = Debug|x86
		{30A95A41-817F-48B5-8F7F-558E65F62FBC}.Debug|x86.Build.0 = Debug|x86
		{30A95A41-817F-48B5-8F7F-558E65F62FBC}.Release|Any CPU.ActiveCfg = Release|x86
		{30A95A41-817F-48B5-8F7F-558E65F62FBC}.Release|x86.ActiveCfg = Release|x86
		{30A95A41-817F-48B5-8F7F-558E65F62FBC}.Release|x86.Build.0 = Release|x86
		{8D0B19A6-50E5-4F38-99EE-633B13A16D08}.Debug|Any CPU.ActiveCfg = Debug|x86
		{8D0B19A6-50E5-4F38-99EE-633B13A16D08}.Debug|x86.ActiveCfg = Debug|x86
		{8D0B19A6-50E5-4F38-99EE-633B13A16D08}.Debug|x86.Build.0 = Debug|x86
		{8D0B19A6-50E5-4F38-99EE-633B13A16D08}.Release|Any CPU.ActiveCfg = Release|x86
		{8D0B19A6-50E5-4F38-99EE-633B13A16D08}.Release|x86.ActiveCfg = Release|x86
		{8D0B19A6-50E5-4F38-99EE-633B13A16D08}.Release|x86.Build.0 = Release|x86
		{8F9F8A8C-4EFE-4DD6-9ED9-3E785AC28219}.Debug|Any CPU.ActiveCfg = Debug|Any CPU
		{8F9F8A8C-4EFE-4DD6-9ED9-3E785AC28219}.Debug|Any CPU.Build.0 = Debug|Any CPU
		{8F9F8A8C-4EFE-4DD6-9ED9-3E785AC28219}.Debug|x86.ActiveCfg = Debug|Any CPU
		{8F9F8A8C-4EFE-4DD6-9ED9-3E785AC28219}.Debug|x86.Build.0 = Debug|Any CPU
		{8F9F8A8C-4EFE-4DD6-9ED9-3E785AC28219}.Release|Any CPU.ActiveCfg = Release|Any CPU
		{8F9F8A8C-4EFE-4DD6-9ED9-3E785AC28219}.Release|Any CPU.Build.0 = Release|Any CPU
		{8F9F8A8C-4EFE-4DD6-9ED9-3E785AC28219}.Release|x86.ActiveCfg = Release|Any CPU
		{8F9F8A8C-4EFE-4DD6-9ED9-3E785AC28219}.Release|x86.Build.0 = Release|Any CPU
		{4249AFE5-800C-4554-949D-89C50216231B}.Debug|Any CPU.ActiveCfg = Debug|x86
		{4249AFE5-800C-4554-949D-89C50216231B}.Debug|x86.ActiveCfg = Debug|x86
		{4249AFE5-800C-4554-949D-89C50216231B}.Debug|x86.Build.0 = Debug|x86
		{4249AFE5-800C-4554-949D-89C50216231B}.Release|Any CPU.ActiveCfg = Release|x86
		{4249AFE5-800C-4554-949D-89C50216231B}.Release|x86.ActiveCfg = Release|x86
		{4249AFE5-800C-4554-949D-89C50216231B}.Release|x86.Build.0 = Release|x86
		{6B9DA983-7E44-4D81-8BD6-295E8ECB7860}.Debug|Any CPU.ActiveCfg = Debug|Any CPU
		{6B9DA983-7E44-4D81-8BD6-295E8ECB7860}.Debug|Any CPU.Build.0 = Debug|Any CPU
		{6B9DA983-7E44-4D81-8BD6-295E8ECB7860}.Debug|x86.ActiveCfg = Debug|Any CPU
		{6B9DA983-7E44-4D81-8BD6-295E8ECB7860}.Debug|x86.Build.0 = Debug|Any CPU
		{6B9DA983-7E44-4D81-8BD6-295E8ECB7860}.Release|Any CPU.ActiveCfg = Release|Any CPU
		{6B9DA983-7E44-4D81-8BD6-295E8ECB7860}.Release|Any CPU.Build.0 = Release|Any CPU
		{6B9DA983-7E44-4D81-8BD6-295E8ECB7860}.Release|x86.ActiveCfg = Release|Any CPU
		{6B9DA983-7E44-4D81-8BD6-295E8ECB7860}.Release|x86.Build.0 = Release|Any CPU
		{6B7492A8-31E5-4383-81C7-CB0A1802A30F}.Debug|Any CPU.ActiveCfg = Debug|Any CPU
		{6B7492A8-31E5-4383-81C7-CB0A1802A30F}.Debug|Any CPU.Build.0 = Debug|Any CPU
		{6B7492A8-31E5-4383-81C7-CB0A1802A30F}.Debug|x86.ActiveCfg = Debug|Any CPU
		{6B7492A8-31E5-4383-81C7-CB0A1802A30F}.Debug|x86.Build.0 = Debug|Any CPU
		{6B7492A8-31E5-4383-81C7-CB0A1802A30F}.Release|Any CPU.ActiveCfg = Release|Any CPU
		{6B7492A8-31E5-4383-81C7-CB0A1802A30F}.Release|Any CPU.Build.0 = Release|Any CPU
		{6B7492A8-31E5-4383-81C7-CB0A1802A30F}.Release|x86.ActiveCfg = Release|Any CPU
		{6B7492A8-31E5-4383-81C7-CB0A1802A30F}.Release|x86.Build.0 = Release|Any CPU
	EndGlobalSection
	GlobalSection(SolutionProperties) = preSolution
		HideSolutionNode = FALSE
	EndGlobalSection
	GlobalSection(ExtensibilityGlobals) = postSolution
		SolutionGuid = {CA781BA1-3276-482D-ADFF-BA9B18AB0A43}
	EndGlobalSection
EndGlobal
